
Microsoft Visual Studio Solution File, Format Version 12.00
# Visual Studio Version 17
VisualStudioVersion = 17.14.36518.9 d17.14
MinimumVisualStudioVersion = 10.0.40219.1
Project("{FAE04EC0-301F-11D3-BF4B-00C04F79EFBC}") = "plugins_avaEdu", "plugins_avaEdu.csproj", "{86F9C89C-7EAE-20FA-5000-F25A9413527A}"
EndProject
Global
	GlobalSection(SolutionConfigurationPlatforms) = preSolution
		Debug|Any CPU = Debug|Any CPU
		Release|Any CPU = Release|Any CPU
	EndGlobalSection
	GlobalSection(ProjectConfigurationPlatforms) = postSolution
		{86F9C89C-7EAE-20FA-5000-F25A9413527A}.Debug|Any CPU.ActiveCfg = Debug|Any CPU
		{86F9C89C-7EAE-20FA-5000-F25A9413527A}.Debug|Any CPU.Build.0 = Debug|Any CPU
		{86F9C89C-7EAE-20FA-5000-F25A9413527A}.Release|Any CPU.ActiveCfg = Release|Any CPU
		{86F9C89C-7EAE-20FA-5000-F25A9413527A}.Release|Any CPU.Build.0 = Release|Any CPU
	EndGlobalSection
	GlobalSection(SolutionProperties) = preSolution
		HideSolutionNode = FALSE
	EndGlobalSection
	GlobalSection(ExtensibilityGlobals) = postSolution
		SolutionGuid = {A062CC7C-42FC-429E-9720-CA78AEA94ADD}
	EndGlobalSection
EndGlobal
